{
   "name": "e-zone",
   "lockfileVersion": 2,
   "requires": true,
   "packages": {
      "": {
         "name": "e-zone",
         "license": "MIT",
         "devDependencies": {
            "bats": "^1.4.1",
            "bats-assert": "github:ztombol/bats-assert",
            "bats-support": "github:ztombol/bats-support",
            "shellcheck": "^1.0.0"
         }
      },
      "node_modules/bats": {
         "version": "1.4.1",
         "resolved": "https://registry.npmjs.org/bats/-/bats-1.4.1.tgz",
         "integrity": "sha512-sZgqfOHgPqtQSD84WKQiNU3a/44hQiiHGtA43gTUPeOdl5jYhnXSBNGCa8DGlKc8JpI/UUYcaPNf0Afg3OOibQ==",
         "dev": true,
         "bin": {
            "bats": "bin/bats"
         }
      },
      "node_modules/bats-assert": {
         "version": "0.3.0",
         "resolved": "git+ssh://git@github.com/ztombol/bats-assert.git#9f88b4207da750093baabc4e3f41bf68f0dd3630",
         "dev": true,
         "peerDependencies": {
            "bats-support": "git+https://github.com/ztombol/bats-support.git#v0.2.0"
         }
      },
      "node_modules/bats-support": {
         "version": "0.3.0",
         "resolved": "git+ssh://git@github.com/ztombol/bats-support.git#004e707638eedd62e0481e8cdc9223ad471f12ee",
         "dev": true
      },
      "node_modules/shellcheck": {
         "version": "1.0.0",
         "resolved": "https://registry.npmjs.org/shellcheck/-/shellcheck-1.0.0.tgz",
         "integrity": "sha512-CdKbWXOknBwE1wNQzAnwfLf7QNOu/yqyLSGBKoq2WuChEqfg7dnZJ1pHR2P463PbVpBRz3KGkYnXJCoQrPwtYA==",
         "dev": true,
         "hasInstallScript": true,
         "bin": {
            "shellcheck": "shellcheck-stable/shellcheck"
         }
      }
   },
   "dependencies": {
      "bats": {
         "version": "1.4.1",
         "resolved": "https://registry.npmjs.org/bats/-/bats-1.4.1.tgz",
         "integrity": "sha512-sZgqfOHgPqtQSD84WKQiNU3a/44hQiiHGtA43gTUPeOdl5jYhnXSBNGCa8DGlKc8JpI/UUYcaPNf0Afg3OOibQ==",
         "dev": true
      },
      "bats-assert": {
         "version": "git+ssh://git@github.com/ztombol/bats-assert.git#9f88b4207da750093baabc4e3f41bf68f0dd3630",
         "dev": true,
         "from": "bats-assert@github:ztombol/bats-assert",
         "requires": {}
      },
      "bats-support": {
         "version": "git+ssh://git@github.com/ztombol/bats-support.git#004e707638eedd62e0481e8cdc9223ad471f12ee",
         "dev": true,
         "from": "bats-support@github:ztombol/bats-support"
      },
      "shellcheck": {
         "version": "1.0.0",
         "resolved": "https://registry.npmjs.org/shellcheck/-/shellcheck-1.0.0.tgz",
         "integrity": "sha512-CdKbWXOknBwE1wNQzAnwfLf7QNOu/yqyLSGBKoq2WuChEqfg7dnZJ1pHR2P463PbVpBRz3KGkYnXJCoQrPwtYA==",
         "dev": true
      }
   }
}
